<?xml version="1.0" encoding="utf-8"?>
<Project ToolsVersion="4.0" xmlns="http://schemas.microsoft.com/developer/msbuild/2003">
  <ItemGroup>
    <Filter Include="Исходные файлы">
      <UniqueIdentifier>{4FC737F1-C7A5-4376-A066-2A32D752A2FF}</UniqueIdentifier>
      <Extensions>cpp;c;cc;cxx;c++;cppm;ixx;def;odl;idl;hpj;bat;asm;asmx</Extensions>
    </Filter>
    <Filter Include="Файлы заголовков">
      <UniqueIdentifier>{93995380-89BD-4b04-88EB-625FBE52EBFB}</UniqueIdentifier>
      <Extensions>h;hh;hpp;hxx;h++;hm;inl;inc;ipp;xsd</Extensions>
    </Filter>
    <Filter Include="Файлы ресурсов">
      <UniqueIdentifier>{67DA6AB6-F800-4c08-8B7A-83BB121AAD01}</UniqueIdentifier>
      <Extensions>rc;ico;cur;bmp;dlg;rc2;rct;bin;rgs;gif;jpg;jpeg;jpe;resx;tiff;tif;png;wav;mfcribbon-ms</Extensions>
    </Filter>
    <Filter Include="Файлы заголовков\eSTREAM">
      <UniqueIdentifier>{8b81f232-07e4-4df8-8a0c-1f7c8099ee23}</UniqueIdentifier>
    </Filter>
    <Filter Include="Исходные файлы\eSTREAM">
      <UniqueIdentifier>{99782f35-e4a3-4fe9-bb07-84c7b52079f9}</UniqueIdentifier>
    </Filter>
    <Filter Include="Исходные файлы\ecc">
      <UniqueIdentifier>{3f42742a-7ec9-4c7a-9b5c-b690e929cafb}</UniqueIdentifier>
    </Filter>
    <Filter Include="Исходные файлы\hash">
      <UniqueIdentifier>{df31615e-2bdb-4dda-86dd-14e68c6458fe}</UniqueIdentifier>
    </Filter>
    <Filter Include="Файлы заголовков\ecc">
      <UniqueIdentifier>{73082122-514d-418e-a103-6dd865f5b248}</UniqueIdentifier>
    </Filter>
    <Filter Include="Файлы заголовков\hash">
      <UniqueIdentifier>{0e154ea2-eb00-4922-b13d-11682b97c03f}</UniqueIdentifier>
    </Filter>
  </ItemGroup>
  <ItemGroup>
    <ClCompile Include="another.cpp">
      <Filter>Исходные файлы</Filter>
    </ClCompile>
    <ClCompile Include="args.cpp">
      <Filter>Исходные файлы</Filter>
    </ClCompile>
    <ClCompile Include="debug.cpp">
      <Filter>Исходные файлы</Filter>
    </ClCompile>
    <ClCompile Include="entry.cpp">
      <Filter>Исходные файлы</Filter>
    </ClCompile>
    <ClCompile Include="memory.cpp">
      <Filter>Исходные файлы</Filter>
    </ClCompile>
    <ClCompile Include="queue.cpp">
      <Filter>Исходные файлы</Filter>
    </ClCompile>
    <ClCompile Include="eSTREAM\hc-128.cpp">
      <Filter>Исходные файлы\eSTREAM</Filter>
    </ClCompile>
    <ClCompile Include="hash\sha512.cpp">
      <Filter>Исходные файлы\hash</Filter>
    </ClCompile>
    <ClCompile Include="ecc\curve25519-donna.cpp">
      <Filter>Исходные файлы\ecc</Filter>
    </ClCompile>
    <ClCompile Include="hash\crc32.cpp">
      <Filter>Исходные файлы\hash</Filter>
    </ClCompile>
  </ItemGroup>
  <ItemGroup>
    <ClInclude Include="another.h">
      <Filter>Файлы заголовков</Filter>
    </ClInclude>
    <ClInclude Include="args.h">
      <Filter>Файлы заголовков</Filter>
    </ClInclude>
    <ClInclude Include="debug.h">
      <Filter>Файлы заголовков</Filter>
    </ClInclude>
    <ClInclude Include="memory.h">
      <Filter>Файлы заголовков</Filter>
    </ClInclude>
    <ClInclude Include="queue.h">
      <Filter>Файлы заголовков</Filter>
    </ClInclude>
    <ClInclude Include="eSTREAM\ecrypt-machine.h">
      <Filter>Файлы заголовков\eSTREAM</Filter>
    </ClInclude>
    <ClInclude Include="eSTREAM\ecrypt-portable.h">
      <Filter>Файлы заголовков\eSTREAM</Filter>
    </ClInclude>
    <ClInclude Include="eSTREAM\ecrypt-sync.h">
      <Filter>Файлы заголовков\eSTREAM</Filter>
    </ClInclude>
    <ClInclude Include="eSTREAM\ecrypt-config.h">
      <Filter>Файлы заголовков\eSTREAM</Filter>
    </ClInclude>
    <ClInclude Include="hash\sha512.h">
      <Filter>Файлы заголовков\hash</Filter>
    </ClInclude>
    <ClInclude Include="ecc\curve25519-donna.h">
      <Filter>Файлы заголовков\ecc</Filter>
    </ClInclude>
    <ClInclude Include="hash\crc32.h">
      <Filter>Файлы заголовков\hash</Filter>
    </ClInclude>
  </ItemGroup>
</Project>