<?xml version="1.0" encoding="utf-8"?>
<Project ToolsVersion="4.0" xmlns="http://schemas.microsoft.com/developer/msbuild/2003">
  <ItemGroup>
    <Filter Include="Исходные файлы">
      <UniqueIdentifier>{4FC737F1-C7A5-4376-A066-2A32D752A2FF}</UniqueIdentifier>
      <Extensions>cpp;c;cc;cxx;c++;cppm;ixx;def;odl;idl;hpj;bat;asm;asmx</Extensions>
    </Filter>
    <Filter Include="Файлы заголовков">
      <UniqueIdentifier>{93995380-89BD-4b04-88EB-625FBE52EBFB}</UniqueIdentifier>
      <Extensions>h;hh;hpp;hxx;h++;hm;inl;inc;ipp;xsd</Extensions>
    </Filter>
    <Filter Include="Файлы ресурсов">
      <UniqueIdentifier>{67DA6AB6-F800-4c08-8B7A-83BB121AAD01}</UniqueIdentifier>
      <Extensions>rc;ico;cur;bmp;dlg;rc2;rct;bin;rgs;gif;jpg;jpeg;jpe;resx;tiff;tif;png;wav;mfcribbon-ms</Extensions>
    </Filter>
    <Filter Include="Файлы заголовков\eSTREAM">
      <UniqueIdentifier>{154deeb2-29de-4cfa-b1ce-cc7299850b3f}</UniqueIdentifier>
    </Filter>
    <Filter Include="Исходные файлы\eSTREAM">
      <UniqueIdentifier>{84c51d23-c758-4dd2-b5d8-91f1fbd22521}</UniqueIdentifier>
    </Filter>
    <Filter Include="Файлы заголовков\hash">
      <UniqueIdentifier>{3aae0cb0-eb22-4b20-877a-f8f0f21655f3}</UniqueIdentifier>
    </Filter>
    <Filter Include="Файлы заголовков\ecc">
      <UniqueIdentifier>{ac8f5b40-737c-4ed0-be0d-f4e090989a91}</UniqueIdentifier>
    </Filter>
    <Filter Include="Исходные файлы\hash">
      <UniqueIdentifier>{fbeee3fa-6adc-47b1-bce0-82b60623317e}</UniqueIdentifier>
    </Filter>
    <Filter Include="Исходные файлы\ecc">
      <UniqueIdentifier>{4ab71b4b-8a11-487e-89dd-89ca26b64804}</UniqueIdentifier>
    </Filter>
  </ItemGroup>
  <ItemGroup>
    <ClCompile Include="eSTREAM\hc-128.cpp">
      <Filter>Исходные файлы\eSTREAM</Filter>
    </ClCompile>
    <ClCompile Include="queue.cpp">
      <Filter>Исходные файлы</Filter>
    </ClCompile>
    <ClCompile Include="memory.cpp">
      <Filter>Исходные файлы</Filter>
    </ClCompile>
    <ClCompile Include="entry.cpp">
      <Filter>Исходные файлы</Filter>
    </ClCompile>
    <ClCompile Include="args.cpp">
      <Filter>Исходные файлы</Filter>
    </ClCompile>
    <ClCompile Include="ecc\curve25519-donna.cpp">
      <Filter>Исходные файлы\ecc</Filter>
    </ClCompile>
    <ClCompile Include="hash\sha512.cpp">
      <Filter>Исходные файлы\hash</Filter>
    </ClCompile>
    <ClCompile Include="hash\crc32.cpp">
      <Filter>Исходные файлы\hash</Filter>
    </ClCompile>
  </ItemGroup>
  <ItemGroup>
    <ClInclude Include="eSTREAM\ecrypt-portable.h">
      <Filter>Файлы заголовков\eSTREAM</Filter>
    </ClInclude>
    <ClInclude Include="eSTREAM\ecrypt-sync.h">
      <Filter>Файлы заголовков\eSTREAM</Filter>
    </ClInclude>
    <ClInclude Include="eSTREAM\ecrypt-config.h">
      <Filter>Файлы заголовков\eSTREAM</Filter>
    </ClInclude>
    <ClInclude Include="eSTREAM\ecrypt-machine.h">
      <Filter>Файлы заголовков\eSTREAM</Filter>
    </ClInclude>
    <ClInclude Include="queue.h">
      <Filter>Файлы заголовков</Filter>
    </ClInclude>
    <ClInclude Include="memory.h">
      <Filter>Файлы заголовков</Filter>
    </ClInclude>
    <ClInclude Include="args.h">
      <Filter>Файлы заголовков</Filter>
    </ClInclude>
    <ClInclude Include="ecc\curve25519-donna.h">
      <Filter>Файлы заголовков\ecc</Filter>
    </ClInclude>
    <ClInclude Include="hash\sha512.h">
      <Filter>Файлы заголовков\hash</Filter>
    </ClInclude>
    <ClInclude Include="hash\crc32.h">
      <Filter>Файлы заголовков\hash</Filter>
    </ClInclude>
  </ItemGroup>
</Project>